
Microsoft Visual Studio Solution File, Format Version 12.00
# Visual Studio 15
VisualStudioVersion = 15.0.26403.3
MinimumVisualStudioVersion = 10.0.40219.1
Project("{FAE04EC0-301F-11D3-BF4B-00C04F79EFBC}") = "App1", "App1\App1.csproj", "{2D3B36E5-75E3-437E-BE22-CB1CA1B38DD3}"
EndProject
Project("{FAE04EC0-301F-11D3-BF4B-00C04F79EFBC}") = "WpfApp1", "WpfApp1\WpfApp1.csproj", "{AD618F47-BD50-49D3-9FA2-2B255313976E}"
EndProject
Global
	GlobalSection(SolutionConfigurationPlatforms) = preSolution
		Debug|Any CPU = Debug|Any CPU
		Debug|ARM = Debug|ARM
		Debug|x64 = Debug|x64
		Debug|x86 = Debug|x86
		Release|Any CPU = Release|Any CPU
		Release|ARM = Release|ARM
		Release|x64 = Release|x64
		Release|x86 = Release|x86
	EndGlobalSection
	GlobalSection(ProjectConfigurationPlatforms) = postSolution
		{2D3B36E5-75E3-437E-BE22-CB1CA1B38DD3}.Debug|Any CPU.ActiveCfg = Debug|x86
		{2D3B36E5-75E3-437E-BE22-CB1CA1B38DD3}.Debug|ARM.ActiveCfg = Debug|ARM
		{2D3B36E5-75E3-437E-BE22-CB1CA1B38DD3}.Debug|ARM.Build.0 = Debug|ARM
		{2D3B36E5-75E3-437E-BE22-CB1CA1B38DD3}.Debug|ARM.Deploy.0 = Debug|ARM
		{2D3B36E5-75E3-437E-BE22-CB1CA1B38DD3}.Debug|x64.ActiveCfg = Debug|x64
		{2D3B36E5-75E3-437E-BE22-CB1CA1B38DD3}.Debug|x64.Build.0 = Debug|x64
		{2D3B36E5-75E3-437E-BE22-CB1CA1B38DD3}.Debug|x64.Deploy.0 = Debug|x64
		{2D3B36E5-75E3-437E-BE22-CB1CA1B38DD3}.Debug|x86.ActiveCfg = Debug|x86
		{2D3B36E5-75E3-437E-BE22-CB1CA1B38DD3}.Debug|x86.Build.0 = Debug|x86
		{2D3B36E5-75E3-437E-BE22-CB1CA1B38DD3}.Debug|x86.Deploy.0 = Debug|x86
		{2D3B36E5-75E3-437E-BE22-CB1CA1B38DD3}.Release|Any CPU.ActiveCfg = Release|x86
		{2D3B36E5-75E3-437E-BE22-CB1CA1B38DD3}.Release|ARM.ActiveCfg = Release|ARM
		{2D3B36E5-75E3-437E-BE22-CB1CA1B38DD3}.Release|ARM.Build.0 = Release|ARM
		{2D3B36E5-75E3-437E-BE22-CB1CA1B38DD3}.Release|ARM.Deploy.0 = Release|ARM
		{2D3B36E5-75E3-437E-BE22-CB1CA1B38DD3}.Release|x64.ActiveCfg = Release|x64
		{2D3B36E5-75E3-437E-BE22-CB1CA1B38DD3}.Release|x64.Build.0 = Release|x64
		{2D3B36E5-75E3-437E-BE22-CB1CA1B38DD3}.Release|x64.Deploy.0 = Release|x64
		{2D3B36E5-75E3-437E-BE22-CB1CA1B38DD3}.Release|x86.ActiveCfg = Release|x86
		{2D3B36E5-75E3-437E-BE22-CB1CA1B38DD3}.Release|x86.Build.0 = Release|x86
		{2D3B36E5-75E3-437E-BE22-CB1CA1B38DD3}.Release|x86.Deploy.0 = Release|x86
		{AD618F47-BD50-49D3-9FA2-2B255313976E}.Debug|Any CPU.ActiveCfg = Debug|Any CPU
		{AD618F47-BD50-49D3-9FA2-2B255313976E}.Debug|Any CPU.Build.0 = Debug|Any CPU
		{AD618F47-BD50-49D3-9FA2-2B255313976E}.Debug|ARM.ActiveCfg = Debug|Any CPU
		{AD618F47-BD50-49D3-9FA2-2B255313976E}.Debug|ARM.Build.0 = Debug|Any CPU
		{AD618F47-BD50-49D3-9FA2-2B255313976E}.Debug|x64.ActiveCfg = Debug|Any CPU
		{AD618F47-BD50-49D3-9FA2-2B255313976E}.Debug|x64.Build.0 = Debug|Any CPU
		{AD618F47-BD50-49D3-9FA2-2B255313976E}.Debug|x86.ActiveCfg = Debug|Any CPU
		{AD618F47-BD50-49D3-9FA2-2B255313976E}.Debug|x86.Build.0 = Debug|Any CPU
		{AD618F47-BD50-49D3-9FA2-2B255313976E}.Release|Any CPU.ActiveCfg = Release|Any CPU
		{AD618F47-BD50-49D3-9FA2-2B255313976E}.Release|Any CPU.Build.0 = Release|Any CPU
		{AD618F47-BD50-49D3-9FA2-2B255313976E}.Release|ARM.ActiveCfg = Release|Any CPU
		{AD618F47-BD50-49D3-9FA2-2B255313976E}.Release|ARM.Build.0 = Release|Any CPU
		{AD618F47-BD50-49D3-9FA2-2B255313976E}.Release|x64.ActiveCfg = Release|Any CPU
		{AD618F47-BD50-49D3-9FA2-2B255313976E}.Release|x64.Build.0 = Release|Any CPU
		{AD618F47-BD50-49D3-9FA2-2B255313976E}.Release|x86.ActiveCfg = Release|Any CPU
		{AD618F47-BD50-49D3-9FA2-2B255313976E}.Release|x86.Build.0 = Release|Any CPU
	EndGlobalSection
	GlobalSection(SolutionProperties) = preSolution
		HideSolutionNode = FALSE
	EndGlobalSection
EndGlobal
